
Microsoft Visual Studio Solution File, Format Version 12.00
# Visual Studio Version 16
VisualStudioVersion = 16.0.32428.217
MinimumVisualStudioVersion = 10.0.40219.1
Project("{8BC9CEB8-8B4A-11D0-8D11-00A0C91BC942}") = "Filterssample", "Filterssample\Filterssample.vcxproj", "{C306173A-AD9D-4CFA-B86A-1F1EEBC86F00}"
EndProject
Global
	GlobalSection(SolutionConfigurationPlatforms) = preSolution
		Debug|x64 = Debug|x64
		Debug|x86 = Debug|x86
		Release|x64 = Release|x64
		Release|x86 = Release|x86
	EndGlobalSection
	GlobalSection(ProjectConfigurationPlatforms) = postSolution
		{C306173A-AD9D-4CFA-B86A-1F1EEBC86F00}.Debug|x64.ActiveCfg = Debug|x64
		{C306173A-AD9D-4CFA-B86A-1F1EEBC86F00}.Debug|x64.Build.0 = Debug|x64
		{C306173A-AD9D-4CFA-B86A-1F1EEBC86F00}.Debug|x86.ActiveCfg = Debug|Win32
		{C306173A-AD9D-4CFA-B86A-1F1EEBC86F00}.Debug|x86.Build.0 = Debug|Win32
		{C306173A-AD9D-4CFA-B86A-1F1EEBC86F00}.Release|x64.ActiveCfg = Release|x64
		{C306173A-AD9D-4CFA-B86A-1F1EEBC86F00}.Release|x64.Build.0 = Release|x64
		{C306173A-AD9D-4CFA-B86A-1F1EEBC86F00}.Release|x86.ActiveCfg = Release|Win32
		{C306173A-AD9D-4CFA-B86A-1F1EEBC86F00}.Release|x86.Build.0 = Release|Win32
	EndGlobalSection
	GlobalSection(SolutionProperties) = preSolution
		HideSolutionNode = FALSE
	EndGlobalSection
	GlobalSection(ExtensibilityGlobals) = postSolution
		SolutionGuid = {5A92BE68-BC87-4695-9B7E-9F470253117C}
	EndGlobalSection
EndGlobal
